
Microsoft Visual Studio Solution File, Format Version 12.00
# Visual Studio Version 16
VisualStudioVersion = 16.0.30804.86
MinimumVisualStudioVersion = 10.0.40219.1
Project("{FAE04EC0-301F-11D3-BF4B-00C04F79EFBC}") = "FinalWork", "FinalWork.csproj", "{BD4A92ED-8492-4158-8E6A-ABD1DCCC693C}"
EndProject
Global
	GlobalSection(SolutionConfigurationPlatforms) = preSolution
		Debug|Any CPU = Debug|Any CPU
		Release|Any CPU = Release|Any CPU
	EndGlobalSection
	GlobalSection(ProjectConfigurationPlatforms) = postSolution
		{BD4A92ED-8492-4158-8E6A-ABD1DCCC693C}.Debug|Any CPU.ActiveCfg = Debug|Any CPU
		{BD4A92ED-8492-4158-8E6A-ABD1DCCC693C}.Debug|Any CPU.Build.0 = Debug|Any CPU
		{BD4A92ED-8492-4158-8E6A-ABD1DCCC693C}.Release|Any CPU.ActiveCfg = Release|Any CPU
		{BD4A92ED-8492-4158-8E6A-ABD1DCCC693C}.Release|Any CPU.Build.0 = Release|Any CPU
	EndGlobalSection
	GlobalSection(SolutionProperties) = preSolution
		HideSolutionNode = FALSE
	EndGlobalSection
	GlobalSection(ExtensibilityGlobals) = postSolution
		SolutionGuid = {368B7A8F-5DD5-45C7-9CEA-1A7DB5F689E9}
	EndGlobalSection
EndGlobal
